
Microsoft Visual Studio Solution File, Format Version 12.00
# Visual Studio Version 17
VisualStudioVersion = 17.4.33213.308
MinimumVisualStudioVersion = 10.0.40219.1
Project("{FAE04EC0-301F-11D3-BF4B-00C04F79EFBC}") = "CustomEditorWindow.Server", "Server\CustomEditorWindow.Server.csproj", "{DB2866D0-ECDD-47E6-B555-4F6E48187CE4}"
EndProject
Project("{FAE04EC0-301F-11D3-BF4B-00C04F79EFBC}") = "CustomEditorWindow.Client", "Client\CustomEditorWindow.Client.csproj", "{F4F0E483-CC45-45B4-BECC-0A60A8FC2153}"
EndProject
Project("{FAE04EC0-301F-11D3-BF4B-00C04F79EFBC}") = "CustomEditorWindow.Shared", "Shared\CustomEditorWindow.Shared.csproj", "{A34C524D-BCBD-48BB-A0D9-48BADB3F3654}"
EndProject
Global
	GlobalSection(SolutionConfigurationPlatforms) = preSolution
		Debug|Any CPU = Debug|Any CPU
		Release|Any CPU = Release|Any CPU
	EndGlobalSection
	GlobalSection(ProjectConfigurationPlatforms) = postSolution
		{DB2866D0-ECDD-47E6-B555-4F6E48187CE4}.Debug|Any CPU.ActiveCfg = Debug|Any CPU
		{DB2866D0-ECDD-47E6-B555-4F6E48187CE4}.Debug|Any CPU.Build.0 = Debug|Any CPU
		{DB2866D0-ECDD-47E6-B555-4F6E48187CE4}.Release|Any CPU.ActiveCfg = Release|Any CPU
		{DB2866D0-ECDD-47E6-B555-4F6E48187CE4}.Release|Any CPU.Build.0 = Release|Any CPU
		{F4F0E483-CC45-45B4-BECC-0A60A8FC2153}.Debug|Any CPU.ActiveCfg = Debug|Any CPU
		{F4F0E483-CC45-45B4-BECC-0A60A8FC2153}.Debug|Any CPU.Build.0 = Debug|Any CPU
		{F4F0E483-CC45-45B4-BECC-0A60A8FC2153}.Release|Any CPU.ActiveCfg = Release|Any CPU
		{F4F0E483-CC45-45B4-BECC-0A60A8FC2153}.Release|Any CPU.Build.0 = Release|Any CPU
		{A34C524D-BCBD-48BB-A0D9-48BADB3F3654}.Debug|Any CPU.ActiveCfg = Debug|Any CPU
		{A34C524D-BCBD-48BB-A0D9-48BADB3F3654}.Debug|Any CPU.Build.0 = Debug|Any CPU
		{A34C524D-BCBD-48BB-A0D9-48BADB3F3654}.Release|Any CPU.ActiveCfg = Release|Any CPU
		{A34C524D-BCBD-48BB-A0D9-48BADB3F3654}.Release|Any CPU.Build.0 = Release|Any CPU
	EndGlobalSection
	GlobalSection(SolutionProperties) = preSolution
		HideSolutionNode = FALSE
	EndGlobalSection
	GlobalSection(ExtensibilityGlobals) = postSolution
		SolutionGuid = {47DE2788-9534-49A2-B9F8-7B7FD049778B}
	EndGlobalSection
EndGlobal
